
Microsoft Visual Studio Solution File, Format Version 12.00
# Visual Studio Version 16
VisualStudioVersion = 16.0.29709.97
MinimumVisualStudioVersion = 10.0.40219.1
Project("{FAE04EC0-301F-11D3-BF4B-00C04F79EFBC}") = "Quizkampen", "Quizkampen.csproj", "{32851020-4B0A-4476-8867-2E86BC2B47D7}"
EndProject
Global
	GlobalSection(SolutionConfigurationPlatforms) = preSolution
		Debug|Any CPU = Debug|Any CPU
		Release|Any CPU = Release|Any CPU
	EndGlobalSection
	GlobalSection(ProjectConfigurationPlatforms) = postSolution
		{32851020-4B0A-4476-8867-2E86BC2B47D7}.Debug|Any CPU.ActiveCfg = Debug|Any CPU
		{32851020-4B0A-4476-8867-2E86BC2B47D7}.Debug|Any CPU.Build.0 = Debug|Any CPU
		{32851020-4B0A-4476-8867-2E86BC2B47D7}.Release|Any CPU.ActiveCfg = Release|Any CPU
		{32851020-4B0A-4476-8867-2E86BC2B47D7}.Release|Any CPU.Build.0 = Release|Any CPU
	EndGlobalSection
	GlobalSection(SolutionProperties) = preSolution
		HideSolutionNode = FALSE
	EndGlobalSection
	GlobalSection(ExtensibilityGlobals) = postSolution
		SolutionGuid = {CC7E4BD7-AE1D-43E6-9797-E31C2F759101}
	EndGlobalSection
EndGlobal
